
Microsoft Visual Studio Solution File, Format Version 12.00
# Visual Studio Version 18
VisualStudioVersion = 18.4.11626.88 stable
MinimumVisualStudioVersion = 10.0.40219.1
Project("{FAE04EC0-301F-11D3-BF4B-00C04F79EFBC}") = "NFe.Domain", "NFe.Domain.csproj", "{3C7885C7-E0C6-6F88-EE13-566027B1EDAD}"
EndProject
Global
	GlobalSection(SolutionConfigurationPlatforms) = preSolution
		Debug|Any CPU = Debug|Any CPU
		Release|Any CPU = Release|Any CPU
	EndGlobalSection
	GlobalSection(ProjectConfigurationPlatforms) = postSolution
		{3C7885C7-E0C6-6F88-EE13-566027B1EDAD}.Debug|Any CPU.ActiveCfg = Debug|Any CPU
		{3C7885C7-E0C6-6F88-EE13-566027B1EDAD}.Debug|Any CPU.Build.0 = Debug|Any CPU
		{3C7885C7-E0C6-6F88-EE13-566027B1EDAD}.Release|Any CPU.ActiveCfg = Release|Any CPU
		{3C7885C7-E0C6-6F88-EE13-566027B1EDAD}.Release|Any CPU.Build.0 = Release|Any CPU
	EndGlobalSection
	GlobalSection(SolutionProperties) = preSolution
		HideSolutionNode = FALSE
	EndGlobalSection
	GlobalSection(ExtensibilityGlobals) = postSolution
		SolutionGuid = {0D71C25D-2105-4E2D-93F9-41DEEABECA9D}
	EndGlobalSection
EndGlobal
